
Microsoft Visual Studio Solution File, Format Version 12.00
# Visual Studio Version 16
VisualStudioVersion = 16.0.36227.6
MinimumVisualStudioVersion = 10.0.40219.1
Project("{FAE04EC0-301F-11D3-BF4B-00C04F79EFBC}") = "AnimeshitEquipManager", "AnimeshitEquipManager.csproj", "{1881BBEC-7108-48A2-BDAB-68C398916619}"
EndProject
Global
	GlobalSection(SolutionConfigurationPlatforms) = preSolution
		Debug|Any CPU = Debug|Any CPU
		Release|Any CPU = Release|Any CPU
	EndGlobalSection
	GlobalSection(ProjectConfigurationPlatforms) = postSolution
		{1881BBEC-7108-48A2-BDAB-68C398916619}.Debug|Any CPU.ActiveCfg = Release|Any CPU
		{1881BBEC-7108-48A2-BDAB-68C398916619}.Debug|Any CPU.Build.0 = Release|Any CPU
		{1881BBEC-7108-48A2-BDAB-68C398916619}.Release|Any CPU.ActiveCfg = Release|Any CPU
		{1881BBEC-7108-48A2-BDAB-68C398916619}.Release|Any CPU.Build.0 = Release|Any CPU
	EndGlobalSection
	GlobalSection(SolutionProperties) = preSolution
		HideSolutionNode = FALSE
	EndGlobalSection
	GlobalSection(ExtensibilityGlobals) = postSolution
		SolutionGuid = {A338C50B-920B-429E-A600-AC52A288FF7A}
	EndGlobalSection
EndGlobal
